{
  "version": 4,
  "terraform_version": "1.15.6",
  "serial": 43,
  "lineage": "35a0c01f-9b38-60e2-4a5f-94063d695f45",
  "outputs": {
    "api_gateway_endpoint": {
      "value": "https://inhtqpysdf.execute-api.us-east-1.amazonaws.com",
      "type": "string"
    },
    "dlq_url": {
      "value": "https://sqs.us-east-1.amazonaws.com/154932391641/event-processing-queue-production",
      "type": "string"
    },
    "dynamodb_table_name": {
      "value": "OrdersTable-production",
      "type": "string"
    }
  },
  "resources": [
    {
      "module": "module.api_eventbridge",
      "mode": "managed",
      "type": "aws_apigatewayv2_api",
      "name": "events_api",
      "provider": "provider[\"registry.terraform.io/hashicorp/aws\"]",
      "instances": [
        {
          "schema_version": 0,
          "attributes": {
            "api_endpoint": "https://inhtqpysdf.execute-api.us-east-1.amazonaws.com",
            "api_key_selection_expression": "$request.header.x-api-key",
            "arn": "arn:aws:apigateway:us-east-1::/apis/inhtqpysdf",
            "body": null,
            "cors_configuration": [],
            "credentials_arn": null,
            "description": "",
            "disable_execute_api_endpoint": false,
            "execution_arn": "arn:aws:execute-api:us-east-1:154932391641:inhtqpysdf",
            "fail_on_warnings": null,
            "id": "inhtqpysdf",
            "ip_address_type": "ipv4",
            "name": "events-api-production",
            "protocol_type": "HTTP",
            "route_key": null,
            "route_selection_expression": "$request.method $request.path",
            "tags": {},
            "tags_all": {
              "Environment": "production",
              "ManagedBy": "Terraform",
              "Project": "aws-serverless-event-driven"
            },
            "target": null,
            "version": ""
          },
          "sensitive_attributes": [],
          "identity_schema_version": 0,
          "private": "bnVsbA=="
        }
      ]
    },
    {
      "module": "module.api_eventbridge",
      "mode": "managed",
      "type": "aws_apigatewayv2_integration",
      "name": "eventbridge_integration",
      "provider": "provider[\"registry.terraform.io/hashicorp/aws\"]",
      "instances": [
        {
          "schema_version": 0,
          "attributes": {
            "api_id": "inhtqpysdf",
            "connection_id": "",
            "connection_type": "INTERNET",
            "content_handling_strategy": "",
            "credentials_arn": "arn:aws:iam::154932391641:role/apigw-eventbridge-role-production",
            "description": "",
            "id": "rwjtx85",
            "integration_method": "",
            "integration_response_selection_expression": "",
            "integration_subtype": "EventBridge-PutEvents",
            "integration_type": "AWS_PROXY",
            "integration_uri": "",
            "passthrough_behavior": "",
            "payload_format_version": "1.0",
            "request_parameters": {
              "Detail": "$request.body",
              "DetailType": "OrderCreated",
              "EventBusName": "orders-event-bus-production",
              "Source": "api.orders"
            },
            "request_templates": {},
            "response_parameters": [],
            "template_selection_expression": "",
            "timeout_milliseconds": 30000,
            "tls_config": []
          },
          "sensitive_attributes": [],
          "identity_schema_version": 0,
          "private": "bnVsbA==",
          "dependencies": [
            "module.api_eventbridge.aws_apigatewayv2_api.events_api",
            "module.api_eventbridge.aws_cloudwatch_event_bus.custom_bus",
            "module.api_eventbridge.aws_iam_role.apigw_eventbridge_role"
          ]
        }
      ]
    },
    {
      "module": "module.api_eventbridge",
      "mode": "managed",
      "type": "aws_apigatewayv2_route",
      "name": "post_event_route",
      "provider": "provider[\"registry.terraform.io/hashicorp/aws\"]",
      "instances": [
        {
          "schema_version": 0,
          "attributes": {
            "api_id": "inhtqpysdf",
            "api_key_required": false,
            "authorization_scopes": [],
            "authorization_type": "NONE",
            "authorizer_id": "",
            "id": "g6uy733",
            "model_selection_expression": "",
            "operation_name": "",
            "request_models": {},
            "request_parameter": [],
            "route_key": "POST /orders",
            "route_response_selection_expression": "",
            "target": "integrations/rwjtx85"
          },
          "sensitive_attributes": [],
          "identity_schema_version": 0,
          "private": "bnVsbA==",
          "dependencies": [
            "module.api_eventbridge.aws_apigatewayv2_api.events_api",
            "module.api_eventbridge.aws_apigatewayv2_integration.eventbridge_integration",
            "module.api_eventbridge.aws_cloudwatch_event_bus.custom_bus",
            "module.api_eventbridge.aws_iam_role.apigw_eventbridge_role"
          ]
        }
      ]
    },
    {
      "module": "module.api_eventbridge",
      "mode": "managed",
      "type": "aws_apigatewayv2_stage",
      "name": "default_stage",
      "provider": "provider[\"registry.terraform.io/hashicorp/aws\"]",
      "instances": [
        {
          "schema_version": 0,
          "attributes": {
            "access_log_settings": [],
            "api_id": "inhtqpysdf",
            "arn": "arn:aws:apigateway:us-east-1::/apis/inhtqpysdf/stages/$default",
            "auto_deploy": true,
            "client_certificate_id": "",
            "default_route_settings": [
              {
                "data_trace_enabled": false,
                "detailed_metrics_enabled": false,
                "logging_level": "",
                "throttling_burst_limit": 0,
                "throttling_rate_limit": 0
              }
            ],
            "deployment_id": "1iuol1",
            "description": "",
            "execution_arn": "arn:aws:execute-api:us-east-1:154932391641:inhtqpysdf/$default",
            "id": "$default",
            "invoke_url": "https://inhtqpysdf.execute-api.us-east-1.amazonaws.com/",
            "name": "$default",
            "route_settings": [],
            "stage_variables": {},
            "tags": {},
            "tags_all": {
              "Environment": "production",
              "ManagedBy": "Terraform",
              "Project": "aws-serverless-event-driven"
            }
          },
          "sensitive_attributes": [],
          "identity_schema_version": 0,
          "private": "bnVsbA==",
          "dependencies": [
            "module.api_eventbridge.aws_apigatewayv2_api.events_api"
          ]
        }
      ]
    },
    {
      "module": "module.api_eventbridge",
      "mode": "managed",
      "type": "aws_cloudwatch_event_bus",
      "name": "custom_bus",
      "provider": "provider[\"registry.terraform.io/hashicorp/aws\"]",
      "instances": [
        {
          "schema_version": 0,
          "attributes": {
            "arn": "arn:aws:events:us-east-1:154932391641:event-bus/orders-event-bus-production",
            "dead_letter_config": [],
            "description": "",
            "event_source_name": null,
            "id": "orders-event-bus-production",
            "kms_key_identifier": "",
            "name": "orders-event-bus-production",
            "tags": {},
            "tags_all": {
              "Environment": "production",
              "ManagedBy": "Terraform",
              "Project": "aws-serverless-event-driven"
            }
          },
          "sensitive_attributes": [],
          "identity_schema_version": 0,
          "private": "bnVsbA=="
        }
      ]
    },
    {
      "module": "module.api_eventbridge",
      "mode": "managed",
      "type": "aws_cloudwatch_event_rule",
      "name": "order_created_rule",
      "provider": "provider[\"registry.terraform.io/hashicorp/aws\"]",
      "instances": [
        {
          "schema_version": 1,
          "attributes": {
            "arn": "arn:aws:events:us-east-1:154932391641:rule/orders-event-bus-production/order-created-rule-production",
            "description": "Capture Order Created events from API Gateway",
            "event_bus_name": "orders-event-bus-production",
            "event_pattern": "{\"detail-type\":[\"OrderCreated\"],\"source\":[\"api.orders\"]}",
            "force_destroy": false,
            "id": "orders-event-bus-production/order-created-rule-production",
            "is_enabled": true,
            "name": "order-created-rule-production",
            "name_prefix": "",
            "role_arn": "",
            "schedule_expression": "",
            "state": "ENABLED",
            "tags": {},
            "tags_all": {
              "Environment": "production",
              "ManagedBy": "Terraform",
              "Project": "aws-serverless-event-driven"
            }
          },
          "sensitive_attributes": [],
          "identity_schema_version": 0,
          "private": "eyJzY2hlbWFfdmVyc2lvbiI6IjEifQ==",
          "dependencies": [
            "module.api_eventbridge.aws_cloudwatch_event_bus.custom_bus"
          ]
        }
      ]
    },
    {
      "module": "module.api_eventbridge",
      "mode": "managed",
      "type": "aws_cloudwatch_event_target",
      "name": "sns_target",
      "provider": "provider[\"registry.terraform.io/hashicorp/aws\"]",
      "instances": [
        {
          "schema_version": 1,
          "attributes": {
            "appsync_target": [],
            "arn": "arn:aws:sns:us-east-1:154932391641:event-routing-topic-production",
            "batch_target": [],
            "dead_letter_config": [],
            "ecs_target": [],
            "event_bus_name": "orders-event-bus-production",
            "force_destroy": false,
            "http_target": [],
            "id": "orders-event-bus-production-order-created-rule-production-SendToSNS",
            "input": "",
            "input_path": "",
            "input_transformer": [],
            "kinesis_target": [],
            "redshift_target": [],
            "retry_policy": [],
            "role_arn": "",
            "rule": "order-created-rule-production",
            "run_command_targets": [],
            "sagemaker_pipeline_target": [],
            "sqs_target": [],
            "target_id": "SendToSNS"
          },
          "sensitive_attributes": [],
          "identity_schema_version": 0,
          "private": "eyJzY2hlbWFfdmVyc2lvbiI6IjEifQ==",
          "dependencies": [
            "module.api_eventbridge.aws_cloudwatch_event_bus.custom_bus",
            "module.api_eventbridge.aws_cloudwatch_event_rule.order_created_rule",
            "module.messaging.aws_kms_key.messaging_key",
            "module.messaging.aws_sns_topic.event_topic",
            "module.messaging.data.aws_caller_identity.current"
          ]
        }
      ]
    },
    {
      "module": "module.api_eventbridge",
      "mode": "managed",
      "type": "aws_iam_role",
      "name": "apigw_eventbridge_role",
      "provider": "provider[\"registry.terraform.io/hashicorp/aws\"]",
      "instances": [
        {
          "schema_version": 0,
          "attributes": {
            "arn": "arn:aws:iam::154932391641:role/apigw-eventbridge-role-production",
            "assume_role_policy": "{\"Statement\":[{\"Action\":\"sts:AssumeRole\",\"Effect\":\"Allow\",\"Principal\":{\"Service\":\"apigateway.amazonaws.com\"}}],\"Version\":\"2012-10-17\"}",
            "create_date": "2026-09-20T23:12:44Z",
            "description": "",
            "force_detach_policies": false,
            "id": "apigw-eventbridge-role-production",
            "inline_policy": [
              {
                "name": "apigw-eventbridge-policy-production",
                "policy": "{\"Version\":\"2012-10-17\",\"Statement\":[{\"Action\":\"events:PutEvents\",\"Effect\":\"Allow\",\"Resource\":\"arn:aws:events:us-east-1:154932391641:event-bus/orders-event-bus-production\"}]}"
              }
            ],
            "managed_policy_arns": [],
            "max_session_duration": 3600,
            "name": "apigw-eventbridge-role-production",
            "name_prefix": "",
            "path": "/",
            "permissions_boundary": "",
            "tags": {},
            "tags_all": {
              "Environment": "production",
              "ManagedBy": "Terraform",
              "Project": "aws-serverless-event-driven"
            },
            "unique_id": "AROASIEVQV3M7RNEWAOH3"
          },
          "sensitive_attributes": [],
          "identity_schema_version": 0,
          "private": "bnVsbA=="
        }
      ]
    },
    {
      "module": "module.api_eventbridge",
      "mode": "managed",
      "type": "aws_iam_role_policy",
      "name": "apigw_eventbridge_policy",
      "provider": "provider[\"registry.terraform.io/hashicorp/aws\"]",
      "instances": [
        {
          "schema_version": 0,
          "attributes": {
            "id": "apigw-eventbridge-role-production:apigw-eventbridge-policy-production",
            "name": "apigw-eventbridge-policy-production",
            "name_prefix": "",
            "policy": "{\"Version\":\"2012-10-17\",\"Statement\":[{\"Action\":\"events:PutEvents\",\"Effect\":\"Allow\",\"Resource\":\"arn:aws:events:us-east-1:154932391641:event-bus/orders-event-bus-production\"}]}",
            "role": "apigw-eventbridge-role-production"
          },
          "sensitive_attributes": [],
          "identity_schema_version": 0,
          "private": "bnVsbA==",
          "dependencies": [
            "module.api_eventbridge.aws_cloudwatch_event_bus.custom_bus",
            "module.api_eventbridge.aws_iam_role.apigw_eventbridge_role"
          ]
        }
      ]
    },
    {
      "module": "module.compute_storage",
      "mode": "data",
      "type": "archive_file",
      "name": "lambda_zip",
      "provider": "provider[\"registry.terraform.io/hashicorp/archive\"]",
      "instances": [
        {
          "schema_version": 0,
          "attributes": {
            "exclude_symlink_directories": null,
            "excludes": null,
            "id": "20deb9361da087c711451523680727f141d0592d",
            "output_base64sha256": "pRRGOgOv9bhp2hvIvx5q1XctT/ISqg6lZr82jF76MP8=",
            "output_base64sha512": "AFJ9SfQMDZN5LI6UhvFPHnCpfqkiZzxaKSCX593+tGlyja7L1mydCOskj0fNGrlh8yDyCjAklyL1Sviu0kXbCA==",
            "output_file_mode": null,
            "output_md5": "45c07d8ed17dfea1da8da807ed4e3d53",
            "output_path": "./src/lambda_processor/lambda.zip",
            "output_sha": "20deb9361da087c711451523680727f141d0592d",
            "output_sha256": "a514463a03aff5b869da1bc8bf1e6ad5772d4ff212aa0ea566bf368c5efa30ff",
            "output_sha512": "00527d49f40c0d93792c8e9486f14f1e70a97ea922673c5a292097e7ddfeb469728daecbd66c9d08eb248f47cd1ab961f320f20a30249722f54af8aed245db08",
            "output_size": 861,
            "source": [],
            "source_content": null,
            "source_content_filename": null,
            "source_dir": null,
            "source_file": "./src/lambda_processor/index.js",
            "type": "zip"
          },
          "sensitive_attributes": [],
          "identity_schema_version": 0
        }
      ]
    },
    {
      "module": "module.compute_storage",
      "mode": "managed",
      "type": "aws_dynamodb_table",
      "name": "global_orders",
      "provider": "provider[\"registry.terraform.io/hashicorp/aws\"]",
      "instances": [
        {
          "schema_version": 1,
          "attributes": {
            "arn": "arn:aws:dynamodb:us-east-1:154932391641:table/OrdersTable-production",
            "attribute": [
              {
                "name": "orderId",
                "type": "S"
              }
            ],
            "billing_mode": "PAY_PER_REQUEST",
            "deletion_protection_enabled": false,
            "global_secondary_index": [],
            "hash_key": "orderId",
            "id": "OrdersTable-production",
            "import_table": [],
            "local_secondary_index": [],
            "name": "OrdersTable-production",
            "on_demand_throughput": [],
            "point_in_time_recovery": [
              {
                "enabled": false,
                "recovery_period_in_days": 0
              }
            ],
            "range_key": null,
            "read_capacity": 0,
            "replica": [
              {
                "arn": "arn:aws:dynamodb:us-west-2:154932391641:table/OrdersTable-production",
                "kms_key_arn": "arn:aws:kms:us-west-2:154932391641:key/mrk-8979b0e5b05648099ec371debe255286",
                "point_in_time_recovery": false,
                "propagate_tags": false,
                "region_name": "us-west-2",
                "stream_arn": "arn:aws:dynamodb:us-west-2:154932391641:table/OrdersTable-production/stream/2026-09-20T23:30:21.738",
                "stream_label": "2026-09-20T23:30:21.738"
              }
            ],
            "restore_date_time": null,
            "restore_source_name": null,
            "restore_source_table_arn": null,
            "restore_to_latest_time": null,
            "server_side_encryption": [
              {
                "enabled": true,
                "kms_key_arn": "arn:aws:kms:us-east-1:154932391641:key/mrk-8979b0e5b05648099ec371debe255286"
              }
            ],
            "stream_arn": "arn:aws:dynamodb:us-east-1:154932391641:table/OrdersTable-production/stream/2026-09-20T23:29:58.992",
            "stream_enabled": true,
            "stream_label": "2026-09-20T23:29:58.992",
            "stream_view_type": "NEW_AND_OLD_IMAGES",
            "table_class": "STANDARD",
            "tags": {},
            "tags_all": {
              "Environment": "production",
              "ManagedBy": "Terraform",
              "Project": "aws-serverless-event-driven"
            },
            "timeouts": null,
            "ttl": [
              {
                "attribute_name": "",
                "enabled": false
              }
            ],
            "write_capacity": 0
          },
          "sensitive_attributes": [],
          "identity_schema_version": 0,
          "private": "eyJlMmJmYjczMC1lY2FhLTExZTYtOGY4OC0zNDM2M2JjN2M0YzAiOnsiY3JlYXRlIjoxODAwMDAwMDAwMDAwLCJkZWxldGUiOjYwMDAwMDAwMDAwMCwidXBkYXRlIjozNjAwMDAwMDAwMDAwfSwic2NoZW1hX3ZlcnNpb24iOiIxIn0=",
          "dependencies": [
            "module.messaging.aws_kms_key.messaging_key",
            "module.messaging.aws_kms_replica_key.messaging_replica",
            "module.messaging.data.aws_caller_identity.current"
          ]
        }
      ]
    },
    {
      "module": "module.compute_storage",
      "mode": "managed",
      "type": "aws_iam_role",
      "name": "lambda_exec_role",
      "provider": "provider[\"registry.terraform.io/hashicorp/aws\"]",
      "instances": [
        {
          "schema_version": 0,
          "attributes": {
            "arn": "arn:aws:iam::154932391641:role/event-processor-role-production",
            "assume_role_policy": "{\"Statement\":[{\"Action\":\"sts:AssumeRole\",\"Effect\":\"Allow\",\"Principal\":{\"Service\":\"lambda.amazonaws.com\"}}],\"Version\":\"2012-10-17\"}",
            "create_date": "2026-09-20T23:12:44Z",
            "description": "",
            "force_detach_policies": false,
            "id": "event-processor-role-production",
            "inline_policy": [
              {
                "name": "lambda-custom-policy-production",
                "policy": "{\"Version\":\"2012-10-17\",\"Statement\":[{\"Action\":[\"sqs:ReceiveMessage\",\"sqs:DeleteMessage\",\"sqs:GetQueueAttributes\"],\"Effect\":\"Allow\",\"Resource\":\"arn:aws:sqs:us-east-1:154932391641:event-processing-queue-production\"},{\"Action\":[\"kms:Decrypt\",\"kms:GenerateDataKey\"],\"Effect\":\"Allow\",\"Resource\":\"arn:aws:kms:us-east-1:154932391641:key/mrk-8979b0e5b05648099ec371debe255286\"},{\"Action\":[\"dynamodb:PutItem\",\"dynamodb:UpdateItem\",\"dynamodb:GetItem\"],\"Effect\":\"Allow\",\"Resource\":[\"arn:aws:dynamodb:us-east-1:154932391641:table/OrdersTable-production\",\"arn:aws:dynamodb:us-east-1:154932391641:table/OrdersTable-production/*\"]}]}"
              }
            ],
            "managed_policy_arns": [
              "arn:aws:iam::aws:policy/AWSXRayDaemonWriteAccess",
              "arn:aws:iam::aws:policy/service-role/AWSLambdaBasicExecutionRole"
            ],
            "max_session_duration": 3600,
            "name": "event-processor-role-production",
            "name_prefix": "",
            "path": "/",
            "permissions_boundary": "",
            "tags": {},
            "tags_all": {
              "Environment": "production",
              "ManagedBy": "Terraform",
              "Project": "aws-serverless-event-driven"
            },
            "unique_id": "AROASIEVQV3MRISGV4OY5"
          },
          "sensitive_attributes": [],
          "identity_schema_version": 0,
          "private": "bnVsbA=="
        }
      ]
    },
    {
      "module": "module.compute_storage",
      "mode": "managed",
      "type": "aws_iam_role_policy",
      "name": "lambda_custom_policy",
      "provider": "provider[\"registry.terraform.io/hashicorp/aws\"]",
      "instances": [
        {
          "schema_version": 0,
          "attributes": {
            "id": "event-processor-role-production:lambda-custom-policy-production",
            "name": "lambda-custom-policy-production",
            "name_prefix": "",
            "policy": "{\"Version\":\"2012-10-17\",\"Statement\":[{\"Action\":[\"sqs:ReceiveMessage\",\"sqs:DeleteMessage\",\"sqs:GetQueueAttributes\"],\"Effect\":\"Allow\",\"Resource\":\"arn:aws:sqs:us-east-1:154932391641:event-processing-queue-production\"},{\"Action\":[\"kms:Decrypt\",\"kms:GenerateDataKey\"],\"Effect\":\"Allow\",\"Resource\":\"arn:aws:kms:us-east-1:154932391641:key/mrk-8979b0e5b05648099ec371debe255286\"},{\"Action\":[\"dynamodb:PutItem\",\"dynamodb:UpdateItem\",\"dynamodb:GetItem\"],\"Effect\":\"Allow\",\"Resource\":[\"arn:aws:dynamodb:us-east-1:154932391641:table/OrdersTable-production\",\"arn:aws:dynamodb:us-east-1:154932391641:table/OrdersTable-production/*\"]}]}",
            "role": "event-processor-role-production"
          },
          "sensitive_attributes": [],
          "identity_schema_version": 0,
          "private": "bnVsbA==",
          "dependencies": [
            "module.compute_storage.aws_dynamodb_table.global_orders",
            "module.compute_storage.aws_iam_role.lambda_exec_role",
            "module.messaging.aws_kms_key.messaging_key",
            "module.messaging.aws_kms_replica_key.messaging_replica",
            "module.messaging.aws_sqs_queue.dlq",
            "module.messaging.aws_sqs_queue.main_queue",
            "module.messaging.data.aws_caller_identity.current"
          ]
        }
      ]
    },
    {
      "module": "module.compute_storage",
      "mode": "managed",
      "type": "aws_iam_role_policy_attachment",
      "name": "lambda_basic",
      "provider": "provider[\"registry.terraform.io/hashicorp/aws\"]",
      "instances": [
        {
          "schema_version": 0,
          "attributes": {
            "id": "event-processor-role-production-20260920231245556800000002",
            "policy_arn": "arn:aws:iam::aws:policy/service-role/AWSLambdaBasicExecutionRole",
            "role": "event-processor-role-production"
          },
          "sensitive_attributes": [],
          "identity_schema_version": 0,
          "private": "bnVsbA==",
          "dependencies": [
            "module.compute_storage.aws_iam_role.lambda_exec_role"
          ]
        }
      ]
    },
    {
      "module": "module.compute_storage",
      "mode": "managed",
      "type": "aws_iam_role_policy_attachment",
      "name": "lambda_xray",
      "provider": "provider[\"registry.terraform.io/hashicorp/aws\"]",
      "instances": [
        {
          "schema_version": 0,
          "attributes": {
            "id": "event-processor-role-production-20260920231245685300000003",
            "policy_arn": "arn:aws:iam::aws:policy/AWSXRayDaemonWriteAccess",
            "role": "event-processor-role-production"
          },
          "sensitive_attributes": [],
          "identity_schema_version": 0,
          "private": "bnVsbA==",
          "dependencies": [
            "module.compute_storage.aws_iam_role.lambda_exec_role"
          ]
        }
      ]
    },
    {
      "module": "module.compute_storage",
      "mode": "managed",
      "type": "aws_lambda_event_source_mapping",
      "name": "sqs_mapping",
      "provider": "provider[\"registry.terraform.io/hashicorp/aws\"]",
      "instances": [
        {
          "schema_version": 0,
          "attributes": {
            "amazon_managed_kafka_event_source_config": [],
            "arn": "arn:aws:lambda:us-east-1:154932391641:event-source-mapping:82161e41-fdfd-45e8-8afe-937c44b1d50e",
            "batch_size": 10,
            "bisect_batch_on_function_error": false,
            "destination_config": [],
            "document_db_event_source_config": [],
            "enabled": true,
            "event_source_arn": "arn:aws:sqs:us-east-1:154932391641:event-processing-queue-production",
            "filter_criteria": [],
            "function_arn": "arn:aws:lambda:us-east-1:154932391641:function:event-processor-production",
            "function_name": "arn:aws:lambda:us-east-1:154932391641:function:event-processor-production",
            "function_response_types": [],
            "id": "82161e41-fdfd-45e8-8afe-937c44b1d50e",
            "kms_key_arn": "",
            "last_modified": "2026-09-20T23:30:44Z",
            "last_processing_result": "",
            "maximum_batching_window_in_seconds": 0,
            "maximum_record_age_in_seconds": 0,
            "maximum_retry_attempts": 0,
            "metrics_config": [],
            "parallelization_factor": 0,
            "provisioned_poller_config": [],
            "queues": [],
            "scaling_config": [],
            "self_managed_event_source": [],
            "self_managed_kafka_event_source_config": [],
            "source_access_configuration": [],
            "starting_position": "",
            "starting_position_timestamp": "",
            "state": "Enabled",
            "state_transition_reason": "USER_INITIATED",
            "tags": {},
            "tags_all": {
              "Environment": "production",
              "ManagedBy": "Terraform",
              "Project": "aws-serverless-event-driven"
            },
            "topics": [],
            "tumbling_window_in_seconds": 0,
            "uuid": "82161e41-fdfd-45e8-8afe-937c44b1d50e"
          },
          "sensitive_attributes": [],
          "identity_schema_version": 0,
          "private": "bnVsbA==",
          "dependencies": [
            "module.compute_storage.aws_dynamodb_table.global_orders",
            "module.compute_storage.aws_iam_role.lambda_exec_role",
            "module.compute_storage.aws_lambda_function.event_processor",
            "module.compute_storage.data.archive_file.lambda_zip",
            "module.messaging.aws_kms_key.messaging_key",
            "module.messaging.aws_kms_replica_key.messaging_replica",
            "module.messaging.aws_sqs_queue.dlq",
            "module.messaging.aws_sqs_queue.main_queue",
            "module.messaging.data.aws_caller_identity.current"
          ]
        }
      ]
    },
    {
      "module": "module.compute_storage",
      "mode": "managed",
      "type": "aws_lambda_function",
      "name": "event_processor",
      "provider": "provider[\"registry.terraform.io/hashicorp/aws\"]",
      "instances": [
        {
          "schema_version": 0,
          "attributes": {
            "architectures": [
              "x86_64"
            ],
            "arn": "arn:aws:lambda:us-east-1:154932391641:function:event-processor-production",
            "code_sha256": "pRRGOgOv9bhp2hvIvx5q1XctT/ISqg6lZr82jF76MP8=",
            "code_signing_config_arn": "",
            "dead_letter_config": [],
            "description": "",
            "environment": [
              {
                "variables": {
                  "TABLE_NAME": "OrdersTable-production"
                }
              }
            ],
            "ephemeral_storage": [
              {
                "size": 512
              }
            ],
            "file_system_config": [],
            "filename": "./src/lambda_processor/lambda.zip",
            "function_name": "event-processor-production",
            "handler": "index.handler",
            "id": "event-processor-production",
            "image_config": [],
            "image_uri": "",
            "invoke_arn": "arn:aws:apigateway:us-east-1:lambda:path/2015-03-31/functions/arn:aws:lambda:us-east-1:154932391641:function:event-processor-production/invocations",
            "kms_key_arn": "",
            "last_modified": "2026-09-20T23:30:37.518+0000",
            "layers": [],
            "logging_config": [
              {
                "application_log_level": "",
                "log_format": "Text",
                "log_group": "/aws/lambda/event-processor-production",
                "system_log_level": ""
              }
            ],
            "memory_size": 128,
            "package_type": "Zip",
            "publish": false,
            "qualified_arn": "arn:aws:lambda:us-east-1:154932391641:function:event-processor-production:$LATEST",
            "qualified_invoke_arn": "arn:aws:apigateway:us-east-1:lambda:path/2015-03-31/functions/arn:aws:lambda:us-east-1:154932391641:function:event-processor-production:$LATEST/invocations",
            "replace_security_groups_on_destroy": null,
            "replacement_security_group_ids": null,
            "reserved_concurrent_executions": -1,
            "role": "arn:aws:iam::154932391641:role/event-processor-role-production",
            "runtime": "nodejs20.x",
            "s3_bucket": null,
            "s3_key": null,
            "s3_object_version": null,
            "signing_job_arn": "",
            "signing_profile_version_arn": "",
            "skip_destroy": false,
            "snap_start": [],
            "source_code_hash": "pRRGOgOv9bhp2hvIvx5q1XctT/ISqg6lZr82jF76MP8=",
            "source_code_size": 861,
            "tags": {},
            "tags_all": {
              "Environment": "production",
              "ManagedBy": "Terraform",
              "Project": "aws-serverless-event-driven"
            },
            "timeout": 3,
            "timeouts": null,
            "tracing_config": [
              {
                "mode": "Active"
              }
            ],
            "version": "$LATEST",
            "vpc_config": []
          },
          "sensitive_attributes": [],
          "identity_schema_version": 0,
          "private": "eyJlMmJmYjczMC1lY2FhLTExZTYtOGY4OC0zNDM2M2JjN2M0YzAiOnsiY3JlYXRlIjo2MDAwMDAwMDAwMDAsImRlbGV0ZSI6NjAwMDAwMDAwMDAwLCJ1cGRhdGUiOjYwMDAwMDAwMDAwMH19",
          "dependencies": [
            "module.compute_storage.aws_dynamodb_table.global_orders",
            "module.compute_storage.aws_iam_role.lambda_exec_role",
            "module.compute_storage.data.archive_file.lambda_zip",
            "module.messaging.aws_kms_key.messaging_key",
            "module.messaging.aws_kms_replica_key.messaging_replica",
            "module.messaging.data.aws_caller_identity.current"
          ]
        }
      ]
    },
    {
      "module": "module.messaging",
      "mode": "data",
      "type": "aws_caller_identity",
      "name": "current",
      "provider": "provider[\"registry.terraform.io/hashicorp/aws\"]",
      "instances": [
        {
          "schema_version": 0,
          "attributes": {
            "account_id": "154932391641",
            "arn": "arn:aws:iam::154932391641:user/terraform-developer",
            "id": "154932391641",
            "user_id": "AIDASIEVQV3MQSVXGM2YE"
          },
          "sensitive_attributes": [],
          "identity_schema_version": 0
        }
      ]
    },
    {
      "module": "module.messaging",
      "mode": "managed",
      "type": "aws_kms_alias",
      "name": "messaging_key_alias",
      "provider": "provider[\"registry.terraform.io/hashicorp/aws\"]",
      "instances": [
        {
          "schema_version": 0,
          "attributes": {
            "arn": "arn:aws:kms:us-east-1:154932391641:alias/messaging-key-production",
            "id": "alias/messaging-key-production",
            "name": "alias/messaging-key-production",
            "name_prefix": "",
            "target_key_arn": "arn:aws:kms:us-east-1:154932391641:key/mrk-8979b0e5b05648099ec371debe255286",
            "target_key_id": "mrk-8979b0e5b05648099ec371debe255286"
          },
          "sensitive_attributes": [],
          "identity_schema_version": 0,
          "private": "bnVsbA==",
          "dependencies": [
            "module.messaging.aws_kms_key.messaging_key",
            "module.messaging.data.aws_caller_identity.current"
          ]
        }
      ]
    },
    {
      "module": "module.messaging",
      "mode": "managed",
      "type": "aws_kms_key",
      "name": "messaging_key",
      "provider": "provider[\"registry.terraform.io/hashicorp/aws\"]",
      "instances": [
        {
          "schema_version": 0,
          "attributes": {
            "arn": "arn:aws:kms:us-east-1:154932391641:key/mrk-8979b0e5b05648099ec371debe255286",
            "bypass_policy_lockout_safety_check": false,
            "custom_key_store_id": "",
            "customer_master_key_spec": "SYMMETRIC_DEFAULT",
            "deletion_window_in_days": 7,
            "description": "KMS CMK for SNS and SQS encryption in production",
            "enable_key_rotation": true,
            "id": "mrk-8979b0e5b05648099ec371debe255286",
            "is_enabled": true,
            "key_id": "mrk-8979b0e5b05648099ec371debe255286",
            "key_usage": "ENCRYPT_DECRYPT",
            "multi_region": true,
            "policy": "{\"Statement\":[{\"Action\":\"kms:*\",\"Effect\":\"Allow\",\"Principal\":{\"AWS\":\"arn:aws:iam::154932391641:root\"},\"Resource\":\"*\",\"Sid\":\"Enable IAM User Permissions\"},{\"Action\":[\"kms:GenerateDataKey*\",\"kms:Decrypt\"],\"Effect\":\"Allow\",\"Principal\":{\"Service\":[\"sns.amazonaws.com\",\"sqs.amazonaws.com\",\"events.amazonaws.com\"]},\"Resource\":\"*\",\"Sid\":\"Allow AWS Services to generate and decrypt data keys\"}],\"Version\":\"2012-10-17\"}",
            "rotation_period_in_days": 365,
            "tags": {},
            "tags_all": {
              "Environment": "production",
              "ManagedBy": "Terraform",
              "Project": "aws-serverless-event-driven"
            },
            "timeouts": null,
            "xks_key_id": ""
          },
          "sensitive_attributes": [],
          "identity_schema_version": 0,
          "private": "eyJlMmJmYjczMC1lY2FhLTExZTYtOGY4OC0zNDM2M2JjN2M0YzAiOnsiY3JlYXRlIjoxMjAwMDAwMDAwMDB9fQ==",
          "dependencies": [
            "module.messaging.data.aws_caller_identity.current"
          ]
        }
      ]
    },
    {
      "module": "module.messaging",
      "mode": "managed",
      "type": "aws_kms_replica_key",
      "name": "messaging_replica",
      "provider": "provider[\"registry.terraform.io/hashicorp/aws\"].secondary",
      "instances": [
        {
          "schema_version": 0,
          "attributes": {
            "arn": "arn:aws:kms:us-west-2:154932391641:key/mrk-8979b0e5b05648099ec371debe255286",
            "bypass_policy_lockout_safety_check": false,
            "deletion_window_in_days": 7,
            "description": "Multi-Region KMS replica for production",
            "enabled": true,
            "id": "mrk-8979b0e5b05648099ec371debe255286",
            "key_id": "mrk-8979b0e5b05648099ec371debe255286",
            "key_rotation_enabled": true,
            "key_spec": "SYMMETRIC_DEFAULT",
            "key_usage": "ENCRYPT_DECRYPT",
            "policy": "{\"Id\":\"key-default-1\",\"Statement\":[{\"Action\":\"kms:*\",\"Effect\":\"Allow\",\"Principal\":{\"AWS\":\"arn:aws:iam::154932391641:root\"},\"Resource\":\"*\",\"Sid\":\"Enable IAM User Permissions\"}],\"Version\":\"2012-10-17\"}",
            "primary_key_arn": "arn:aws:kms:us-east-1:154932391641:key/mrk-8979b0e5b05648099ec371debe255286",
            "tags": {},
            "tags_all": {
              "Environment": "production",
              "ManagedBy": "Terraform",
              "Project": "aws-serverless-event-driven"
            }
          },
          "sensitive_attributes": [],
          "identity_schema_version": 0,
          "private": "bnVsbA==",
          "dependencies": [
            "module.messaging.aws_kms_key.messaging_key",
            "module.messaging.data.aws_caller_identity.current"
          ]
        }
      ]
    },
    {
      "module": "module.messaging",
      "mode": "managed",
      "type": "aws_sns_topic",
      "name": "event_topic",
      "provider": "provider[\"registry.terraform.io/hashicorp/aws\"]",
      "instances": [
        {
          "schema_version": 0,
          "attributes": {
            "application_failure_feedback_role_arn": "",
            "application_success_feedback_role_arn": "",
            "application_success_feedback_sample_rate": 0,
            "archive_policy": "",
            "arn": "arn:aws:sns:us-east-1:154932391641:event-routing-topic-production",
            "beginning_archive_time": "",
            "content_based_deduplication": false,
            "delivery_policy": "",
            "display_name": "",
            "fifo_throughput_scope": "",
            "fifo_topic": false,
            "firehose_failure_feedback_role_arn": "",
            "firehose_success_feedback_role_arn": "",
            "firehose_success_feedback_sample_rate": 0,
            "http_failure_feedback_role_arn": "",
            "http_success_feedback_role_arn": "",
            "http_success_feedback_sample_rate": 0,
            "id": "arn:aws:sns:us-east-1:154932391641:event-routing-topic-production",
            "kms_master_key_id": "arn:aws:kms:us-east-1:154932391641:key/mrk-8979b0e5b05648099ec371debe255286",
            "lambda_failure_feedback_role_arn": "",
            "lambda_success_feedback_role_arn": "",
            "lambda_success_feedback_sample_rate": 0,
            "name": "event-routing-topic-production",
            "name_prefix": "",
            "owner": "154932391641",
            "policy": "{\"Id\":\"__default_policy_ID\",\"Statement\":[{\"Action\":[\"SNS:GetTopicAttributes\",\"SNS:SetTopicAttributes\",\"SNS:AddPermission\",\"SNS:RemovePermission\",\"SNS:DeleteTopic\",\"SNS:Subscribe\",\"SNS:ListSubscriptionsByTopic\",\"SNS:Publish\",\"SNS:Receive\"],\"Condition\":{\"StringEquals\":{\"AWS:SourceOwner\":\"154932391641\"}},\"Effect\":\"Allow\",\"Principal\":{\"AWS\":\"*\"},\"Resource\":\"arn:aws:sns:us-east-1:154932391641:event-routing-topic-production\",\"Sid\":\"__default_statement_ID\"}],\"Version\":\"2008-10-17\"}",
            "signature_version": 0,
            "sqs_failure_feedback_role_arn": "",
            "sqs_success_feedback_role_arn": "",
            "sqs_success_feedback_sample_rate": 0,
            "tags": {},
            "tags_all": {
              "Environment": "production",
              "ManagedBy": "Terraform",
              "Project": "aws-serverless-event-driven"
            },
            "tracing_config": ""
          },
          "sensitive_attributes": [],
          "identity_schema_version": 0,
          "private": "bnVsbA==",
          "dependencies": [
            "module.messaging.aws_kms_key.messaging_key",
            "module.messaging.data.aws_caller_identity.current"
          ]
        }
      ]
    },
    {
      "module": "module.messaging",
      "mode": "managed",
      "type": "aws_sns_topic_policy",
      "name": "eventbridge_sns_policy",
      "provider": "provider[\"registry.terraform.io/hashicorp/aws\"]",
      "instances": [
        {
          "schema_version": 0,
          "attributes": {
            "arn": "arn:aws:sns:us-east-1:154932391641:event-routing-topic-production",
            "id": "arn:aws:sns:us-east-1:154932391641:event-routing-topic-production",
            "owner": "154932391641",
            "policy": "{\"Statement\":[{\"Action\":\"sns:Publish\",\"Condition\":{\"StringEquals\":{\"aws:SourceAccount\":\"154932391641\"}},\"Effect\":\"Allow\",\"Principal\":{\"Service\":\"events.amazonaws.com\"},\"Resource\":\"arn:aws:sns:us-east-1:154932391641:event-routing-topic-production\"}],\"Version\":\"2012-10-17\"}"
          },
          "sensitive_attributes": [],
          "identity_schema_version": 0,
          "private": "bnVsbA==",
          "dependencies": [
            "module.messaging.aws_kms_key.messaging_key",
            "module.messaging.aws_sns_topic.event_topic",
            "module.messaging.data.aws_caller_identity.current"
          ]
        }
      ]
    },
    {
      "module": "module.messaging",
      "mode": "managed",
      "type": "aws_sns_topic_subscription",
      "name": "queue_subscription",
      "provider": "provider[\"registry.terraform.io/hashicorp/aws\"]",
      "instances": [
        {
          "schema_version": 0,
          "attributes": {
            "arn": "arn:aws:sns:us-east-1:154932391641:event-routing-topic-production:5af0546a-366e-45dc-98ea-0e7fb310fe46",
            "confirmation_timeout_in_minutes": 1,
            "confirmation_was_authenticated": true,
            "delivery_policy": "",
            "endpoint": "arn:aws:sqs:us-east-1:154932391641:event-processing-queue-production",
            "endpoint_auto_confirms": false,
            "filter_policy": "",
            "filter_policy_scope": "",
            "id": "arn:aws:sns:us-east-1:154932391641:event-routing-topic-production:5af0546a-366e-45dc-98ea-0e7fb310fe46",
            "owner_id": "154932391641",
            "pending_confirmation": false,
            "protocol": "sqs",
            "raw_message_delivery": false,
            "redrive_policy": "",
            "replay_policy": "",
            "subscription_role_arn": "",
            "topic_arn": "arn:aws:sns:us-east-1:154932391641:event-routing-topic-production"
          },
          "sensitive_attributes": [],
          "identity_schema_version": 0,
          "private": "bnVsbA==",
          "dependencies": [
            "module.messaging.aws_kms_key.messaging_key",
            "module.messaging.aws_sns_topic.event_topic",
            "module.messaging.aws_sqs_queue.dlq",
            "module.messaging.aws_sqs_queue.main_queue",
            "module.messaging.data.aws_caller_identity.current"
          ]
        }
      ]
    },
    {
      "module": "module.messaging",
      "mode": "managed",
      "type": "aws_sqs_queue",
      "name": "dlq",
      "provider": "provider[\"registry.terraform.io/hashicorp/aws\"]",
      "instances": [
        {
          "schema_version": 0,
          "attributes": {
            "arn": "arn:aws:sqs:us-east-1:154932391641:event-processing-dlq-production",
            "content_based_deduplication": false,
            "deduplication_scope": "",
            "delay_seconds": 0,
            "fifo_queue": false,
            "fifo_throughput_limit": "",
            "id": "https://sqs.us-east-1.amazonaws.com/154932391641/event-processing-dlq-production",
            "kms_data_key_reuse_period_seconds": 300,
            "kms_master_key_id": "arn:aws:kms:us-east-1:154932391641:key/mrk-8979b0e5b05648099ec371debe255286",
            "max_message_size": 262144,
            "message_retention_seconds": 1209600,
            "name": "event-processing-dlq-production",
            "name_prefix": "",
            "policy": "",
            "receive_wait_time_seconds": 0,
            "redrive_allow_policy": "",
            "redrive_policy": "",
            "sqs_managed_sse_enabled": false,
            "tags": {},
            "tags_all": {
              "Environment": "production",
              "ManagedBy": "Terraform",
              "Project": "aws-serverless-event-driven"
            },
            "timeouts": null,
            "url": "https://sqs.us-east-1.amazonaws.com/154932391641/event-processing-dlq-production",
            "visibility_timeout_seconds": 30
          },
          "sensitive_attributes": [],
          "identity_schema_version": 0,
          "private": "eyJlMmJmYjczMC1lY2FhLTExZTYtOGY4OC0zNDM2M2JjN2M0YzAiOnsiY3JlYXRlIjoxODAwMDAwMDAwMDAsImRlbGV0ZSI6MTgwMDAwMDAwMDAwLCJ1cGRhdGUiOjE4MDAwMDAwMDAwMH19",
          "dependencies": [
            "module.messaging.aws_kms_key.messaging_key",
            "module.messaging.data.aws_caller_identity.current"
          ]
        }
      ]
    },
    {
      "module": "module.messaging",
      "mode": "managed",
      "type": "aws_sqs_queue",
      "name": "main_queue",
      "provider": "provider[\"registry.terraform.io/hashicorp/aws\"]",
      "instances": [
        {
          "schema_version": 0,
          "attributes": {
            "arn": "arn:aws:sqs:us-east-1:154932391641:event-processing-queue-production",
            "content_based_deduplication": false,
            "deduplication_scope": "",
            "delay_seconds": 0,
            "fifo_queue": false,
            "fifo_throughput_limit": "",
            "id": "https://sqs.us-east-1.amazonaws.com/154932391641/event-processing-queue-production",
            "kms_data_key_reuse_period_seconds": 300,
            "kms_master_key_id": "arn:aws:kms:us-east-1:154932391641:key/mrk-8979b0e5b05648099ec371debe255286",
            "max_message_size": 262144,
            "message_retention_seconds": 345600,
            "name": "event-processing-queue-production",
            "name_prefix": "",
            "policy": "{\"Statement\":[{\"Action\":\"sqs:SendMessage\",\"Condition\":{\"ArnEquals\":{\"aws:SourceArn\":\"arn:aws:sns:us-east-1:154932391641:event-routing-topic-production\"}},\"Effect\":\"Allow\",\"Principal\":{\"Service\":\"sns.amazonaws.com\"},\"Resource\":\"arn:aws:sqs:us-east-1:154932391641:event-processing-queue-production\"}],\"Version\":\"2012-10-17\"}",
            "receive_wait_time_seconds": 0,
            "redrive_allow_policy": "",
            "redrive_policy": "{\"deadLetterTargetArn\":\"arn:aws:sqs:us-east-1:154932391641:event-processing-dlq-production\",\"maxReceiveCount\":3}",
            "sqs_managed_sse_enabled": false,
            "tags": {},
            "tags_all": {
              "Environment": "production",
              "ManagedBy": "Terraform",
              "Project": "aws-serverless-event-driven"
            },
            "timeouts": null,
            "url": "https://sqs.us-east-1.amazonaws.com/154932391641/event-processing-queue-production",
            "visibility_timeout_seconds": 60
          },
          "sensitive_attributes": [],
          "identity_schema_version": 0,
          "private": "eyJlMmJmYjczMC1lY2FhLTExZTYtOGY4OC0zNDM2M2JjN2M0YzAiOnsiY3JlYXRlIjoxODAwMDAwMDAwMDAsImRlbGV0ZSI6MTgwMDAwMDAwMDAwLCJ1cGRhdGUiOjE4MDAwMDAwMDAwMH19",
          "dependencies": [
            "module.messaging.aws_kms_key.messaging_key",
            "module.messaging.aws_sqs_queue.dlq",
            "module.messaging.data.aws_caller_identity.current"
          ]
        }
      ]
    },
    {
      "module": "module.messaging",
      "mode": "managed",
      "type": "aws_sqs_queue_policy",
      "name": "main_queue_policy",
      "provider": "provider[\"registry.terraform.io/hashicorp/aws\"]",
      "instances": [
        {
          "schema_version": 1,
          "attributes": {
            "id": "https://sqs.us-east-1.amazonaws.com/154932391641/event-processing-queue-production",
            "policy": "{\"Statement\":[{\"Action\":\"sqs:SendMessage\",\"Condition\":{\"ArnEquals\":{\"aws:SourceArn\":\"arn:aws:sns:us-east-1:154932391641:event-routing-topic-production\"}},\"Effect\":\"Allow\",\"Principal\":{\"Service\":\"sns.amazonaws.com\"},\"Resource\":\"arn:aws:sqs:us-east-1:154932391641:event-processing-queue-production\"}],\"Version\":\"2012-10-17\"}",
            "queue_url": "https://sqs.us-east-1.amazonaws.com/154932391641/event-processing-queue-production"
          },
          "sensitive_attributes": [],
          "identity_schema_version": 0,
          "private": "eyJzY2hlbWFfdmVyc2lvbiI6IjEifQ==",
          "dependencies": [
            "module.messaging.aws_kms_key.messaging_key",
            "module.messaging.aws_sns_topic.event_topic",
            "module.messaging.aws_sqs_queue.dlq",
            "module.messaging.aws_sqs_queue.main_queue",
            "module.messaging.data.aws_caller_identity.current"
          ]
        }
      ]
    },
    {
      "module": "module.networking_dr",
      "mode": "managed",
      "type": "aws_route53_health_check",
      "name": "api_health",
      "provider": "provider[\"registry.terraform.io/hashicorp/aws\"]",
      "instances": [
        {
          "schema_version": 0,
          "attributes": {
            "arn": "arn:aws:route53:::healthcheck/c4cfb3f2-a389-40fc-bc62-9b6570f715bf",
            "child_health_threshold": 0,
            "child_healthchecks": [],
            "cloudwatch_alarm_name": null,
            "cloudwatch_alarm_region": null,
            "disabled": false,
            "enable_sni": true,
            "failure_threshold": 3,
            "fqdn": "inhtqpysdf.execute-api.us-east-1.amazonaws.com",
            "id": "c4cfb3f2-a389-40fc-bc62-9b6570f715bf",
            "insufficient_data_health_status": "",
            "invert_healthcheck": false,
            "ip_address": "",
            "measure_latency": false,
            "port": 443,
            "reference_name": null,
            "regions": [],
            "request_interval": 30,
            "resource_path": "/orders",
            "routing_control_arn": "",
            "search_string": "",
            "tags": {
              "Name": "api-gw-health-production"
            },
            "tags_all": {
              "Environment": "production",
              "ManagedBy": "Terraform",
              "Name": "api-gw-health-production",
              "Project": "aws-serverless-event-driven"
            },
            "triggers": {},
            "type": "HTTPS"
          },
          "sensitive_attributes": [],
          "identity_schema_version": 0,
          "private": "bnVsbA==",
          "dependencies": [
            "module.api_eventbridge.aws_apigatewayv2_api.events_api"
          ]
        }
      ]
    }
  ],
  "check_results": null
}
